
Microsoft Visual Studio Solution File, Format Version 12.00
# Visual Studio 15
VisualStudioVersion = 15.0.26430.6
MinimumVisualStudioVersion = 10.0.40219.1
Project("{FAE04EC0-301F-11D3-BF4B-00C04F79EFBC}") = "paqu", "paqu\paqu.csproj", "{349337A1-E43B-4538-BE34-675E3358922A}"
EndProject
Project("{FAE04EC0-301F-11D3-BF4B-00C04F79EFBC}") = "Launch", "Launch\Launch.csproj", "{FBD77AF3-C1F3-49CF-B58F-024B33F07027}"
EndProject
Global
	GlobalSection(SolutionConfigurationPlatforms) = preSolution
		Debug|Any CPU = Debug|Any CPU
		Release|Any CPU = Release|Any CPU
	EndGlobalSection
	GlobalSection(ProjectConfigurationPlatforms) = postSolution
		{349337A1-E43B-4538-BE34-675E3358922A}.Debug|Any CPU.ActiveCfg = Debug|Any CPU
		{349337A1-E43B-4538-BE34-675E3358922A}.Debug|Any CPU.Build.0 = Debug|Any CPU
		{349337A1-E43B-4538-BE34-675E3358922A}.Release|Any CPU.ActiveCfg = Release|Any CPU
		{349337A1-E43B-4538-BE34-675E3358922A}.Release|Any CPU.Build.0 = Release|Any CPU
		{FBD77AF3-C1F3-49CF-B58F-024B33F07027}.Debug|Any CPU.ActiveCfg = Debug|Any CPU
		{FBD77AF3-C1F3-49CF-B58F-024B33F07027}.Debug|Any CPU.Build.0 = Debug|Any CPU
		{FBD77AF3-C1F3-49CF-B58F-024B33F07027}.Release|Any CPU.ActiveCfg = Release|Any CPU
		{FBD77AF3-C1F3-49CF-B58F-024B33F07027}.Release|Any CPU.Build.0 = Release|Any CPU
	EndGlobalSection
	GlobalSection(SolutionProperties) = preSolution
		HideSolutionNode = FALSE
	EndGlobalSection
EndGlobal
